
Microsoft Visual Studio Solution File, Format Version 12.00
# Visual Studio 14
VisualStudioVersion = 14.0.25420.1
MinimumVisualStudioVersion = 10.0.40219.1
Project("{FAE04EC0-301F-11D3-BF4B-00C04F79EFBC}") = "Labb6.1", "VSLabbar\Labb6.1.csproj", "{D35CAA66-2AC7-4C92-9AE4-E5F30DD8D786}"
EndProject
Project("{FAE04EC0-301F-11D3-BF4B-00C04F79EFBC}") = "Labb6.2", "Labb6.2\Labb6.2.csproj", "{995E52D1-588F-41A7-9FB9-5D3509E923D6}"
EndProject
Global
	GlobalSection(SolutionConfigurationPlatforms) = preSolution
		Debug|Any CPU = Debug|Any CPU
		Release|Any CPU = Release|Any CPU
	EndGlobalSection
	GlobalSection(ProjectConfigurationPlatforms) = postSolution
		{D35CAA66-2AC7-4C92-9AE4-E5F30DD8D786}.Debug|Any CPU.ActiveCfg = Debug|Any CPU
		{D35CAA66-2AC7-4C92-9AE4-E5F30DD8D786}.Debug|Any CPU.Build.0 = Debug|Any CPU
		{D35CAA66-2AC7-4C92-9AE4-E5F30DD8D786}.Release|Any CPU.ActiveCfg = Release|Any CPU
		{D35CAA66-2AC7-4C92-9AE4-E5F30DD8D786}.Release|Any CPU.Build.0 = Release|Any CPU
		{995E52D1-588F-41A7-9FB9-5D3509E923D6}.Debug|Any CPU.ActiveCfg = Debug|Any CPU
		{995E52D1-588F-41A7-9FB9-5D3509E923D6}.Debug|Any CPU.Build.0 = Debug|Any CPU
		{995E52D1-588F-41A7-9FB9-5D3509E923D6}.Release|Any CPU.ActiveCfg = Release|Any CPU
		{995E52D1-588F-41A7-9FB9-5D3509E923D6}.Release|Any CPU.Build.0 = Release|Any CPU
	EndGlobalSection
	GlobalSection(SolutionProperties) = preSolution
		HideSolutionNode = FALSE
	EndGlobalSection
EndGlobal
